
Microsoft Visual Studio Solution File, Format Version 12.00
# Visual Studio Version 16
VisualStudioVersion = 16.0.28803.202
MinimumVisualStudioVersion = 10.0.40219.1
Project("{9A19103F-16F7-4668-BE54-9A1E7A4F7556}") = "NG_Core_Auth", "NG_Core_Auth.csproj", "{148310EA-BB8B-4001-91F4-295EB8D5577B}"
EndProject
Global
	GlobalSection(SolutionConfigurationPlatforms) = preSolution
		Debug|Any CPU = Debug|Any CPU
		Release|Any CPU = Release|Any CPU
	EndGlobalSection
	GlobalSection(ProjectConfigurationPlatforms) = postSolution
		{148310EA-BB8B-4001-91F4-295EB8D5577B}.Debug|Any CPU.ActiveCfg = Debug|Any CPU
		{148310EA-BB8B-4001-91F4-295EB8D5577B}.Debug|Any CPU.Build.0 = Debug|Any CPU
		{148310EA-BB8B-4001-91F4-295EB8D5577B}.Release|Any CPU.ActiveCfg = Release|Any CPU
		{148310EA-BB8B-4001-91F4-295EB8D5577B}.Release|Any CPU.Build.0 = Release|Any CPU
	EndGlobalSection
	GlobalSection(SolutionProperties) = preSolution
		HideSolutionNode = FALSE
	EndGlobalSection
	GlobalSection(ExtensibilityGlobals) = postSolution
		SolutionGuid = {62C32CD3-8B29-48CE-A9C4-390DA99A4859}
	EndGlobalSection
EndGlobal
